# THIS IS AN AUTOGENERATED FILE. DO NOT EDIT THIS FILE DIRECTLY.
# yarn lockfile v1


"@kurkle/color@^0.3.0":
  version "0.3.4"
  resolved "https://registry.yarnpkg.com/@kurkle/color/-/color-0.3.4.tgz#4d4ff677e1609214fc71c580125ddddd86abcabf"
  integrity sha512-M5UknZPHRu3DEDWoipU6sE8PdkZ6Z/S+v4dD+Ke8IaNlpdSQah50lz1KtcFBa2vsdOnwbbnxJwVM4wty6udA5w==

"@react-leaflet/core@^2.1.0":
  version "2.1.0"
  resolved "https://registry.yarnpkg.com/@react-leaflet/core/-/core-2.1.0.tgz#383acd31259d7c9ae8fb1b02d5e18fe613c2a13d"
  integrity sha512-Qk7Pfu8BSarKGqILj4x7bCSZ1pjuAPZ+qmRwH5S7mDS91VSbVVsJSrW4qA+GPrro8t69gFYVMWb1Zc4yFmPiVg==

"@types/react-chartjs-2@^2.5.7":
  version "2.5.7"
  resolved "https://registry.yarnpkg.com/@types/react-chartjs-2/-/react-chartjs-2-2.5.7.tgz#b77406f6eb6a9f38438966fb27d8cfb1bb7425d3"
  integrity sha512-waqYqiNULIVUqaKO7MGUpFmWrVtH7gVPOzqwV4y4zgUyu/JiDwC005PpveO442HKnby9kLgp3t1SB2sld+ACLw==
  dependencies:
    react-chartjs-2 "*"

chart.js@^4.4.7:
  version "4.4.7"
  resolved "https://registry.yarnpkg.com/chart.js/-/chart.js-4.4.7.tgz#7a01ee0b4dac3c03f2ab0589af888db296d896fa"
  integrity sha512-pwkcKfdzTMAU/+jNosKhNL2bHtJc/sSmYgVbuGTEDhzkrhmyihmP7vUc/5ZK9WopidMDHNe3Wm7jOd/WhuHWuw==
  dependencies:
    "@kurkle/color" "^0.3.0"

react-chartjs-2@*, react-chartjs-2@^5.2.0:
  version "5.2.0"
  resolved "https://registry.yarnpkg.com/react-chartjs-2/-/react-chartjs-2-5.2.0.tgz#43c1e3549071c00a1a083ecbd26c1ad34d385f5d"
  integrity sha512-98iN5aguJyVSxp5U3CblRLH67J8gkfyGNbiK3c+l1QI/G4irHMPQw44aEPmjVag+YKTyQ260NcF82GTQ3bdscA==

react-leaflet-custom-control@^1.4.0:
  version "1.4.0"
  resolved "https://registry.yarnpkg.com/react-leaflet-custom-control/-/react-leaflet-custom-control-1.4.0.tgz#3f3a644c26bdedd10a44e57671d6958c6ff0a2ad"
  integrity sha512-E5sM7avHdFApzXTW7GvdPbhgBonu3j0lr1/DzZWz9OMzGbnSTkYPhE0VIYHAyOBvUoZU/TWjtkyVPS68GyeDiw==
  dependencies:
    react-leaflet "^4.2.1"

react-leaflet@^4.2.1:
  version "4.2.1"
  resolved "https://registry.yarnpkg.com/react-leaflet/-/react-leaflet-4.2.1.tgz#c300e9eccaf15cb40757552e181200aa10b94780"
  integrity sha512-p9chkvhcKrWn/H/1FFeVSqLdReGwn2qmiobOQGO3BifX+/vV/39qhY8dGqbdcPh1e6jxh/QHriLXr7a4eLFK4Q==
  dependencies:
    "@react-leaflet/core" "^2.1.0"
